
Microsoft Visual Studio Solution File, Format Version 12.00
# Visual Studio Version 17
VisualStudioVersion = 17.5.33530.505
MinimumVisualStudioVersion = 10.0.40219.1
Project("{FAE04EC0-301F-11D3-BF4B-00C04F79EFBC}") = "LaserBatcher", "LaserBatcher\LaserBatcher.csproj", "{6040A737-20EA-4933-A619-CB87FC5B72CC}"
EndProject
Global
	GlobalSection(SolutionConfigurationPlatforms) = preSolution
		Debug|Any CPU = Debug|Any CPU
		Release|Any CPU = Release|Any CPU
	EndGlobalSection
	GlobalSection(ProjectConfigurationPlatforms) = postSolution
		{6040A737-20EA-4933-A619-CB87FC5B72CC}.Debug|Any CPU.ActiveCfg = Debug|Any CPU
		{6040A737-20EA-4933-A619-CB87FC5B72CC}.Debug|Any CPU.Build.0 = Debug|Any CPU
		{6040A737-20EA-4933-A619-CB87FC5B72CC}.Release|Any CPU.ActiveCfg = Release|Any CPU
		{6040A737-20EA-4933-A619-CB87FC5B72CC}.Release|Any CPU.Build.0 = Release|Any CPU
	EndGlobalSection
	GlobalSection(SolutionProperties) = preSolution
		HideSolutionNode = FALSE
	EndGlobalSection
	GlobalSection(ExtensibilityGlobals) = postSolution
		SolutionGuid = {E5B41CF9-AAEB-45BC-B9DA-DED0347D4EDB}
	EndGlobalSection
EndGlobal
